
Microsoft Visual Studio Solution File, Format Version 12.00
# Visual Studio Version 17
VisualStudioVersion = 17.3.32825.248
MinimumVisualStudioVersion = 10.0.40219.1
Project("{9A19103F-16F7-4668-BE54-9A1E7A4F7556}") = "TikTokLoaderTgBot", "TikTokLoaderTgBot\TikTokLoaderTgBot.csproj", "{E403CC8D-2CC1-48A9-9025-6F05DD0697F4}"
EndProject
Global
	GlobalSection(SolutionConfigurationPlatforms) = preSolution
		Debug|Any CPU = Debug|Any CPU
		Release|Any CPU = Release|Any CPU
	EndGlobalSection
	GlobalSection(ProjectConfigurationPlatforms) = postSolution
		{E403CC8D-2CC1-48A9-9025-6F05DD0697F4}.Debug|Any CPU.ActiveCfg = Debug|Any CPU
		{E403CC8D-2CC1-48A9-9025-6F05DD0697F4}.Debug|Any CPU.Build.0 = Debug|Any CPU
		{E403CC8D-2CC1-48A9-9025-6F05DD0697F4}.Release|Any CPU.ActiveCfg = Release|Any CPU
		{E403CC8D-2CC1-48A9-9025-6F05DD0697F4}.Release|Any CPU.Build.0 = Release|Any CPU
	EndGlobalSection
	GlobalSection(SolutionProperties) = preSolution
		HideSolutionNode = FALSE
	EndGlobalSection
	GlobalSection(ExtensibilityGlobals) = postSolution
		SolutionGuid = {63C17994-0653-4DB4-AFF0-A1DB3578C380}
	EndGlobalSection
EndGlobal
